
Microsoft Visual Studio Solution File, Format Version 12.00
# Visual Studio Version 17
VisualStudioVersion = 17.3.32929.385
MinimumVisualStudioVersion = 10.0.40219.1
Project("{FAE04EC0-301F-11D3-BF4B-00C04F79EFBC}") = "SkillCodeFirstEntity", "SkillCodeFirstEntity\SkillCodeFirstEntity.csproj", "{89712E31-9649-4297-9F2C-6944E1261CED}"
EndProject
Global
	GlobalSection(SolutionConfigurationPlatforms) = preSolution
		Debug|Any CPU = Debug|Any CPU
		Release|Any CPU = Release|Any CPU
	EndGlobalSection
	GlobalSection(ProjectConfigurationPlatforms) = postSolution
		{89712E31-9649-4297-9F2C-6944E1261CED}.Debug|Any CPU.ActiveCfg = Debug|Any CPU
		{89712E31-9649-4297-9F2C-6944E1261CED}.Debug|Any CPU.Build.0 = Debug|Any CPU
		{89712E31-9649-4297-9F2C-6944E1261CED}.Release|Any CPU.ActiveCfg = Release|Any CPU
		{89712E31-9649-4297-9F2C-6944E1261CED}.Release|Any CPU.Build.0 = Release|Any CPU
	EndGlobalSection
	GlobalSection(SolutionProperties) = preSolution
		HideSolutionNode = FALSE
	EndGlobalSection
	GlobalSection(ExtensibilityGlobals) = postSolution
		SolutionGuid = {892D6815-9FFB-48D2-B850-253693400AC9}
	EndGlobalSection
EndGlobal
